
Microsoft Visual Studio Solution File, Format Version 12.00
# Visual Studio Version 17
VisualStudioVersion = 17.0.32112.339
MinimumVisualStudioVersion = 10.0.40219.1
Project("{9A19103F-16F7-4668-BE54-9A1E7A4F7556}") = "Invitalia.Core", "Invitalia.Core\Invitalia.Core.csproj", "{8D36A250-D010-41DD-90EF-FA6A6A82DFF8}"
EndProject
Project("{9A19103F-16F7-4668-BE54-9A1E7A4F7556}") = "Invitalia.Core.API", "Invitalia.Core.API\Invitalia.Core.API.csproj", "{4DCD4EEC-008F-4668-B91B-51C1903A1CF2}"
EndProject
Project("{9A19103F-16F7-4668-BE54-9A1E7A4F7556}") = "Invitalia.Console", "Invitalia.Console\Invitalia.Console.csproj", "{4A61D9BE-6549-4F85-BFD9-20C9E4E06484}"
EndProject
Project("{9A19103F-16F7-4668-BE54-9A1E7A4F7556}") = "Invitalia.Infrastructures", "Invitalia.Infrastructures\Invitalia.Infrastructures.csproj", "{F0F12129-DC77-415D-A72F-8BD45BA7AAFA}"
EndProject
Project("{9A19103F-16F7-4668-BE54-9A1E7A4F7556}") = "Invitalia.Infrastructures.API", "Invitalia.Infrastructures.API\Invitalia.Infrastructures.API.csproj", "{53CDCEDD-28A2-4464-ADFD-E2056910C197}"
EndProject
Project("{2150E333-8FDC-42A3-9474-1A3956D46DE8}") = "PrinterManager", "PrinterManager", "{0DDE2F1A-CA4D-443D-A3AA-074F1ED399B6}"
EndProject
Project("{FAE04EC0-301F-11D3-BF4B-00C04F79EFBC}") = "Invitalia.PrinterManager.Core", "Invitalia.PrinterManager.Core\Invitalia.PrinterManager.Core.csproj", "{696D74C6-F0F2-487E-98C2-A7CD1169B6FB}"
EndProject
Global
	GlobalSection(SolutionConfigurationPlatforms) = preSolution
		Debug|Any CPU = Debug|Any CPU
		Release|Any CPU = Release|Any CPU
	EndGlobalSection
	GlobalSection(ProjectConfigurationPlatforms) = postSolution
		{8D36A250-D010-41DD-90EF-FA6A6A82DFF8}.Debug|Any CPU.ActiveCfg = Debug|Any CPU
		{8D36A250-D010-41DD-90EF-FA6A6A82DFF8}.Debug|Any CPU.Build.0 = Debug|Any CPU
		{8D36A250-D010-41DD-90EF-FA6A6A82DFF8}.Release|Any CPU.ActiveCfg = Release|Any CPU
		{8D36A250-D010-41DD-90EF-FA6A6A82DFF8}.Release|Any CPU.Build.0 = Release|Any CPU
		{4DCD4EEC-008F-4668-B91B-51C1903A1CF2}.Debug|Any CPU.ActiveCfg = Debug|Any CPU
		{4DCD4EEC-008F-4668-B91B-51C1903A1CF2}.Debug|Any CPU.Build.0 = Debug|Any CPU
		{4DCD4EEC-008F-4668-B91B-51C1903A1CF2}.Release|Any CPU.ActiveCfg = Release|Any CPU
		{4DCD4EEC-008F-4668-B91B-51C1903A1CF2}.Release|Any CPU.Build.0 = Release|Any CPU
		{4A61D9BE-6549-4F85-BFD9-20C9E4E06484}.Debug|Any CPU.ActiveCfg = Debug|Any CPU
		{4A61D9BE-6549-4F85-BFD9-20C9E4E06484}.Debug|Any CPU.Build.0 = Debug|Any CPU
		{4A61D9BE-6549-4F85-BFD9-20C9E4E06484}.Release|Any CPU.ActiveCfg = Release|Any CPU
		{4A61D9BE-6549-4F85-BFD9-20C9E4E06484}.Release|Any CPU.Build.0 = Release|Any CPU
		{F0F12129-DC77-415D-A72F-8BD45BA7AAFA}.Debug|Any CPU.ActiveCfg = Debug|Any CPU
		{F0F12129-DC77-415D-A72F-8BD45BA7AAFA}.Debug|Any CPU.Build.0 = Debug|Any CPU
		{F0F12129-DC77-415D-A72F-8BD45BA7AAFA}.Release|Any CPU.ActiveCfg = Release|Any CPU
		{F0F12129-DC77-415D-A72F-8BD45BA7AAFA}.Release|Any CPU.Build.0 = Release|Any CPU
		{53CDCEDD-28A2-4464-ADFD-E2056910C197}.Debug|Any CPU.ActiveCfg = Debug|Any CPU
		{53CDCEDD-28A2-4464-ADFD-E2056910C197}.Debug|Any CPU.Build.0 = Debug|Any CPU
		{53CDCEDD-28A2-4464-ADFD-E2056910C197}.Release|Any CPU.ActiveCfg = Release|Any CPU
		{53CDCEDD-28A2-4464-ADFD-E2056910C197}.Release|Any CPU.Build.0 = Release|Any CPU
		{696D74C6-F0F2-487E-98C2-A7CD1169B6FB}.Debug|Any CPU.ActiveCfg = Debug|Any CPU
		{696D74C6-F0F2-487E-98C2-A7CD1169B6FB}.Debug|Any CPU.Build.0 = Debug|Any CPU
		{696D74C6-F0F2-487E-98C2-A7CD1169B6FB}.Release|Any CPU.ActiveCfg = Release|Any CPU
		{696D74C6-F0F2-487E-98C2-A7CD1169B6FB}.Release|Any CPU.Build.0 = Release|Any CPU
	EndGlobalSection
	GlobalSection(SolutionProperties) = preSolution
		HideSolutionNode = FALSE
	EndGlobalSection
	GlobalSection(NestedProjects) = preSolution
		{696D74C6-F0F2-487E-98C2-A7CD1169B6FB} = {0DDE2F1A-CA4D-443D-A3AA-074F1ED399B6}
	EndGlobalSection
	GlobalSection(ExtensibilityGlobals) = postSolution
		SolutionGuid = {14CE55B1-5304-474D-8BC8-47029B407C02}
	EndGlobalSection
EndGlobal
